
Microsoft Visual Studio Solution File, Format Version 12.00
# Visual Studio Version 16
VisualStudioVersion = 16.0.31515.178
MinimumVisualStudioVersion = 10.0.40219.1
Project("{FAE04EC0-301F-11D3-BF4B-00C04F79EFBC}") = "CodeFirst", "CodeFirst\CodeFirst.csproj", "{8706C858-560D-4EDC-9BCD-8C796C3B1249}"
EndProject
Global
	GlobalSection(SolutionConfigurationPlatforms) = preSolution
		Debug|Any CPU = Debug|Any CPU
		Release|Any CPU = Release|Any CPU
	EndGlobalSection
	GlobalSection(ProjectConfigurationPlatforms) = postSolution
		{8706C858-560D-4EDC-9BCD-8C796C3B1249}.Debug|Any CPU.ActiveCfg = Debug|Any CPU
		{8706C858-560D-4EDC-9BCD-8C796C3B1249}.Debug|Any CPU.Build.0 = Debug|Any CPU
		{8706C858-560D-4EDC-9BCD-8C796C3B1249}.Release|Any CPU.ActiveCfg = Release|Any CPU
		{8706C858-560D-4EDC-9BCD-8C796C3B1249}.Release|Any CPU.Build.0 = Release|Any CPU
	EndGlobalSection
	GlobalSection(SolutionProperties) = preSolution
		HideSolutionNode = FALSE
	EndGlobalSection
	GlobalSection(ExtensibilityGlobals) = postSolution
		SolutionGuid = {D915DF1A-8DA6-4CDD-A1F0-C08144A9EF59}
	EndGlobalSection
EndGlobal
